
Microsoft Visual Studio Solution File, Format Version 12.00
# Visual Studio 15
VisualStudioVersion = 15.0.27703.2035
MinimumVisualStudioVersion = 10.0.40219.1
Project("{FAE04EC0-301F-11D3-BF4B-00C04F79EFBC}") = "LSN", "LSN\LSN.csproj", "{C1269507-B8FD-4668-8D5A-0819DEAAFE89}"
EndProject
Project("{FAE04EC0-301F-11D3-BF4B-00C04F79EFBC}") = "LSNr", "LSNr\LSNr.csproj", "{E0A445AC-01AA-4568-B15A-765B5C590CF7}"
EndProject
Project("{D954291E-2A0B-460D-934E-DC6B0785DB48}") = "LSN (Shared)", "LSN (Shared)\LSN (Shared).shproj", "{1579E78F-3443-4832-8802-B297FF0E9A36}"
EndProject
Global
	GlobalSection(SharedMSBuildProjectFiles) = preSolution
		LSN (Shared)\LSN (Shared).projitems*{1579e78f-3443-4832-8802-b297ff0e9a36}*SharedItemsImports = 13
		LSN (Shared)\LSN (Shared).projitems*{c1269507-b8fd-4668-8d5a-0819deaafe89}*SharedItemsImports = 4
		LSN (Shared)\LSN (Shared).projitems*{e0a445ac-01aa-4568-b15a-765b5c590cf7}*SharedItemsImports = 4
	EndGlobalSection
	GlobalSection(SolutionConfigurationPlatforms) = preSolution
		Debug (no catch)|Any CPU = Debug (no catch)|Any CPU
		Debug|Any CPU = Debug|Any CPU
		LssTest|Any CPU = LssTest|Any CPU
		Release|Any CPU = Release|Any CPU
	EndGlobalSection
	GlobalSection(ProjectConfigurationPlatforms) = postSolution
		{C1269507-B8FD-4668-8D5A-0819DEAAFE89}.Debug (no catch)|Any CPU.ActiveCfg = Debug (no catch)|Any CPU
		{C1269507-B8FD-4668-8D5A-0819DEAAFE89}.Debug (no catch)|Any CPU.Build.0 = Debug (no catch)|Any CPU
		{C1269507-B8FD-4668-8D5A-0819DEAAFE89}.Debug|Any CPU.ActiveCfg = Debug|Any CPU
		{C1269507-B8FD-4668-8D5A-0819DEAAFE89}.Debug|Any CPU.Build.0 = Debug|Any CPU
		{C1269507-B8FD-4668-8D5A-0819DEAAFE89}.LssTest|Any CPU.ActiveCfg = LssTest|Any CPU
		{C1269507-B8FD-4668-8D5A-0819DEAAFE89}.LssTest|Any CPU.Build.0 = LssTest|Any CPU
		{C1269507-B8FD-4668-8D5A-0819DEAAFE89}.Release|Any CPU.ActiveCfg = Release|Any CPU
		{C1269507-B8FD-4668-8D5A-0819DEAAFE89}.Release|Any CPU.Build.0 = Release|Any CPU
		{E0A445AC-01AA-4568-B15A-765B5C590CF7}.Debug (no catch)|Any CPU.ActiveCfg = Debug (no catch)|Any CPU
		{E0A445AC-01AA-4568-B15A-765B5C590CF7}.Debug (no catch)|Any CPU.Build.0 = Debug (no catch)|Any CPU
		{E0A445AC-01AA-4568-B15A-765B5C590CF7}.Debug|Any CPU.ActiveCfg = Debug|Any CPU
		{E0A445AC-01AA-4568-B15A-765B5C590CF7}.Debug|Any CPU.Build.0 = Debug|Any CPU
		{E0A445AC-01AA-4568-B15A-765B5C590CF7}.LssTest|Any CPU.ActiveCfg = LssTest|Any CPU
		{E0A445AC-01AA-4568-B15A-765B5C590CF7}.LssTest|Any CPU.Build.0 = LssTest|Any CPU
		{E0A445AC-01AA-4568-B15A-765B5C590CF7}.Release|Any CPU.ActiveCfg = Release|Any CPU
		{E0A445AC-01AA-4568-B15A-765B5C590CF7}.Release|Any CPU.Build.0 = Release|Any CPU
	EndGlobalSection
	GlobalSection(SolutionProperties) = preSolution
		HideSolutionNode = FALSE
	EndGlobalSection
	GlobalSection(ExtensibilityGlobals) = postSolution
		SolutionGuid = {1701BD76-A0D5-48AF-A354-A98D4C029B2F}
	EndGlobalSection
EndGlobal
